// !$*UTF8*$!
{
	archiveVersion = 1;
	classes = {
	};
	objectVersion = 52;
	objects = {

/* Begin PBXBuildFile section */
		5333FB5726968A3900E40B7F /* AppDelegate.swift in Sources */ = {isa = PBXBuildFile; fileRef = 5333FB5626968A3900E40B7F /* AppDelegate.swift */; };
		5333FB5B26968A3900E40B7F /* HomeViewController.swift in Sources */ = {isa = PBXBuildFile; fileRef = 5333FB5A26968A3900E40B7F /* HomeViewController.swift */; };
		5333FB6326968A3B00E40B7F /* LaunchScreen.storyboard in Resources */ = {isa = PBXBuildFile; fileRef = 5333FB6126968A3B00E40B7F /* LaunchScreen.storyboard */; };
		5333FB6C2696964300E40B7F /* NextViewControllerDelegate.swift in Sources */ = {isa = PBXBuildFile; fileRef = 5333FB6B2696964300E40B7F /* NextViewControllerDelegate.swift */; };
		5333FB702696985D00E40B7F /* InputPasscodeViewController.swift in Sources */ = {isa = PBXBuildFile; fileRef = 5333FB6F2696985D00E40B7F /* InputPasscodeViewController.swift */; };
		5333FB72269698A700E40B7F /* ImageBackgroundViewController.swift in Sources */ = {isa = PBXBuildFile; fileRef = 5333FB71269698A700E40B7F /* ImageBackgroundViewController.swift */; };
		5333FB742696A08400E40B7F /* Coordinator.swift in Sources */ = {isa = PBXBuildFile; fileRef = 5333FB732696A08400E40B7F /* Coordinator.swift */; };
		5333FB772696A09C00E40B7F /* AppCoordinator.swift in Sources */ = {isa = PBXBuildFile; fileRef = 5333FB762696A09C00E40B7F /* AppCoordinator.swift */; };
		53DF517C269A56F400B46AED /* VerticallyCenteredTextView.swift in Sources */ = {isa = PBXBuildFile; fileRef = 53DF517B269A56F400B46AED /* VerticallyCenteredTextView.swift */; };
		53DF517E269A598500B46AED /* InputTextReceivedOnViewControllerDelegate.swift in Sources */ = {isa = PBXBuildFile; fileRef = 53DF517D269A598500B46AED /* InputTextReceivedOnViewControllerDelegate.swift */; };
		53DF5180269A5B3B00B46AED /* TextAndButtonViewController.swift in Sources */ = {isa = PBXBuildFile; fileRef = 53DF517F269A5B3B00B46AED /* TextAndButtonViewController.swift */; };
		53DF5185269A727C00B46AED /* Assets.xcassets in Resources */ = {isa = PBXBuildFile; fileRef = 53DF5184269A727C00B46AED /* Assets.xcassets */; };
		53DF5188269A78F300B46AED /* Unlockable.swift in Sources */ = {isa = PBXBuildFile; fileRef = 53DF5187269A78F300B46AED /* Unlockable.swift */; };
		53DF518A269A790900B46AED /* CryptedInputDataViewModel.swift in Sources */ = {isa = PBXBuildFile; fileRef = 53DF5189269A790900B46AED /* CryptedInputDataViewModel.swift */; };
		53DF518C269A791C00B46AED /* UncryptedDataViewModel.swift in Sources */ = {isa = PBXBuildFile; fileRef = 53DF518B269A791C00B46AED /* UncryptedDataViewModel.swift */; };
		53DF518E269A792E00B46AED /* CryptedDataViewModel.swift in Sources */ = {isa = PBXBuildFile; fileRef = 53DF518D269A792E00B46AED /* CryptedDataViewModel.swift */; };
		53DF5190269A794C00B46AED /* PageViewModel.swift in Sources */ = {isa = PBXBuildFile; fileRef = 53DF518F269A794C00B46AED /* PageViewModel.swift */; };
		53DF5193269A796700B46AED /* PageRepositoryProtocol.swift in Sources */ = {isa = PBXBuildFile; fileRef = 53DF5192269A796700B46AED /* PageRepositoryProtocol.swift */; };
		53DF5195269A797B00B46AED /* PageRepository.swift in Sources */ = {isa = PBXBuildFile; fileRef = 53DF5194269A797B00B46AED /* PageRepository.swift */; };
		53DF5197269A79BC00B46AED /* PageRepositoryFactory.swift in Sources */ = {isa = PBXBuildFile; fileRef = 53DF5196269A79BC00B46AED /* PageRepositoryFactory.swift */; };
		53DF519A269A79D800B46AED /* PageToViewControllerTransformer.swift in Sources */ = {isa = PBXBuildFile; fileRef = 53DF5199269A79D800B46AED /* PageToViewControllerTransformer.swift */; };
		53DF519C269A79E900B46AED /* AppCoordinatorFactory.swift in Sources */ = {isa = PBXBuildFile; fileRef = 53DF519B269A79E900B46AED /* AppCoordinatorFactory.swift */; };
		53DF519F269A7FF400B46AED /* KeyboardLayoutGuide in Frameworks */ = {isa = PBXBuildFile; productRef = 53DF519E269A7FF400B46AED /* KeyboardLayoutGuide */; };
		53DF51A2269A803300B46AED /* PKHUD in Frameworks */ = {isa = PBXBuildFile; productRef = 53DF51A1269A803300B46AED /* PKHUD */; };
/* End PBXBuildFile section */

/* Begin PBXFileReference section */
		5333FB5326968A3900E40B7F /* HBTH.app */ = {isa = PBXFileReference; explicitFileType = wrapper.application; includeInIndex = 0; path = HBTH.app; sourceTree = BUILT_PRODUCTS_DIR; };
		5333FB5626968A3900E40B7F /* AppDelegate.swift */ = {isa = PBXFileReference; lastKnownFileType = sourcecode.swift; path = AppDelegate.swift; sourceTree = "<group>"; };
		5333FB5A26968A3900E40B7F /* HomeViewController.swift */ = {isa = PBXFileReference; lastKnownFileType = sourcecode.swift; path = HomeViewController.swift; sourceTree = "<group>"; };
		5333FB6226968A3B00E40B7F /* Base */ = {isa = PBXFileReference; lastKnownFileType = file.storyboard; name = Base; path = Base.lproj/LaunchScreen.storyboard; sourceTree = "<group>"; };
		5333FB6426968A3B00E40B7F /* Info.plist */ = {isa = PBXFileReference; lastKnownFileType = text.plist.xml; path = Info.plist; sourceTree = "<group>"; };
		5333FB6B2696964300E40B7F /* NextViewControllerDelegate.swift */ = {isa = PBXFileReference; lastKnownFileType = sourcecode.swift; path = NextViewControllerDelegate.swift; sourceTree = "<group>"; };
		5333FB6F2696985D00E40B7F /* InputPasscodeViewController.swift */ = {isa = PBXFileReference; lastKnownFileType = sourcecode.swift; path = InputPasscodeViewController.swift; sourceTree = "<group>"; };
		5333FB71269698A700E40B7F /* ImageBackgroundViewController.swift */ = {isa = PBXFileReference; lastKnownFileType = sourcecode.swift; path = ImageBackgroundViewController.swift; sourceTree = "<group>"; };
		5333FB732696A08400E40B7F /* Coordinator.swift */ = {isa = PBXFileReference; lastKnownFileType = sourcecode.swift; path = Coordinator.swift; sourceTree = "<group>"; };
		5333FB762696A09C00E40B7F /* AppCoordinator.swift */ = {isa = PBXFileReference; lastKnownFileType = sourcecode.swift; path = AppCoordinator.swift; sourceTree = "<group>"; };
		53DF517B269A56F400B46AED /* VerticallyCenteredTextView.swift */ = {isa = PBXFileReference; lastKnownFileType = sourcecode.swift; path = VerticallyCenteredTextView.swift; sourceTree = "<group>"; };
		53DF517D269A598500B46AED /* InputTextReceivedOnViewControllerDelegate.swift */ = {isa = PBXFileReference; lastKnownFileType = sourcecode.swift; path = InputTextReceivedOnViewControllerDelegate.swift; sourceTree = "<group>"; };
		53DF517F269A5B3B00B46AED /* TextAndButtonViewController.swift */ = {isa = PBXFileReference; lastKnownFileType = sourcecode.swift; path = TextAndButtonViewController.swift; sourceTree = "<group>"; };
		53DF5184269A727C00B46AED /* Assets.xcassets */ = {isa = PBXFileReference; lastKnownFileType = folder.assetcatalog; path = Assets.xcassets; sourceTree = "<group>"; };
		53DF5187269A78F300B46AED /* Unlockable.swift */ = {isa = PBXFileReference; lastKnownFileType = sourcecode.swift; path = Unlockable.swift; sourceTree = "<group>"; };
		53DF5189269A790900B46AED /* CryptedInputDataViewModel.swift */ = {isa = PBXFileReference; lastKnownFileType = sourcecode.swift; path = CryptedInputDataViewModel.swift; sourceTree = "<group>"; };
		53DF518B269A791C00B46AED /* UncryptedDataViewModel.swift */ = {isa = PBXFileReference; lastKnownFileType = sourcecode.swift; path = UncryptedDataViewModel.swift; sourceTree = "<group>"; };
		53DF518D269A792E00B46AED /* CryptedDataViewModel.swift */ = {isa = PBXFileReference; lastKnownFileType = sourcecode.swift; path = CryptedDataViewModel.swift; sourceTree = "<group>"; };
		53DF518F269A794C00B46AED /* PageViewModel.swift */ = {isa = PBXFileReference; lastKnownFileType = sourcecode.swift; path = PageViewModel.swift; sourceTree = "<group>"; };
		53DF5192269A796700B46AED /* PageRepositoryProtocol.swift */ = {isa = PBXFileReference; lastKnownFileType = sourcecode.swift; path = PageRepositoryProtocol.swift; sourceTree = "<group>"; };
		53DF5194269A797B00B46AED /* PageRepository.swift */ = {isa = PBXFileReference; lastKnownFileType = sourcecode.swift; path = PageRepository.swift; sourceTree = "<group>"; };
		53DF5196269A79BC00B46AED /* PageRepositoryFactory.swift */ = {isa = PBXFileReference; lastKnownFileType = sourcecode.swift; path = PageRepositoryFactory.swift; sourceTree = "<group>"; };
		53DF5199269A79D800B46AED /* PageToViewControllerTransformer.swift */ = {isa = PBXFileReference; lastKnownFileType = sourcecode.swift; path = PageToViewControllerTransformer.swift; sourceTree = "<group>"; };
		53DF519B269A79E900B46AED /* AppCoordinatorFactory.swift */ = {isa = PBXFileReference; lastKnownFileType = sourcecode.swift; path = AppCoordinatorFactory.swift; sourceTree = "<group>"; };
/* End PBXFileReference section */

/* Begin PBXFrameworksBuildPhase section */
		5333FB5026968A3900E40B7F /* Frameworks */ = {
			isa = PBXFrameworksBuildPhase;
			buildActionMask = 2147483647;
			files = (
				53DF519F269A7FF400B46AED /* KeyboardLayoutGuide in Frameworks */,
				53DF51A2269A803300B46AED /* PKHUD in Frameworks */,
			);
			runOnlyForDeploymentPostprocessing = 0;
		};
/* End PBXFrameworksBuildPhase section */

/* Begin PBXGroup section */
		5333FB4A26968A3900E40B7F = {
			isa = PBXGroup;
			children = (
				5333FB5526968A3900E40B7F /* HBTH */,
				5333FB5426968A3900E40B7F /* Products */,
			);
			sourceTree = "<group>";
		};
		5333FB5426968A3900E40B7F /* Products */ = {
			isa = PBXGroup;
			children = (
				5333FB5326968A3900E40B7F /* HBTH.app */,
			);
			name = Products;
			sourceTree = "<group>";
		};
		5333FB5526968A3900E40B7F /* HBTH */ = {
			isa = PBXGroup;
			children = (
				53DF5198269A79C900B46AED /* Utilities */,
				53DF5191269A795C00B46AED /* Repositories */,
				53DF5186269A78E500B46AED /* ViewModels */,
				53DF517A269A56E100B46AED /* Views */,
				5333FB752696A09200E40B7F /* Coordinators */,
				5333FB6E2696980E00E40B7F /* Resources */,
				5333FB6D2696980300E40B7F /* ViewControllers */,
				5333FB6A2696963800E40B7F /* Protocols */,
				5333FB5626968A3900E40B7F /* AppDelegate.swift */,
			);
			path = HBTH;
			sourceTree = "<group>";
		};
		5333FB6A2696963800E40B7F /* Protocols */ = {
			isa = PBXGroup;
			children = (
				5333FB6B2696964300E40B7F /* NextViewControllerDelegate.swift */,
				5333FB732696A08400E40B7F /* Coordinator.swift */,
				53DF517D269A598500B46AED /* InputTextReceivedOnViewControllerDelegate.swift */,
				53DF5187269A78F300B46AED /* Unlockable.swift */,
			);
			path = Protocols;
			sourceTree = "<group>";
		};
		5333FB6D2696980300E40B7F /* ViewControllers */ = {
			isa = PBXGroup;
			children = (
				53DF517F269A5B3B00B46AED /* TextAndButtonViewController.swift */,
				5333FB5A26968A3900E40B7F /* HomeViewController.swift */,
				5333FB6F2696985D00E40B7F /* InputPasscodeViewController.swift */,
				5333FB71269698A700E40B7F /* ImageBackgroundViewController.swift */,
			);
			path = ViewControllers;
			sourceTree = "<group>";
		};
		5333FB6E2696980E00E40B7F /* Resources */ = {
			isa = PBXGroup;
			children = (
				53DF5184269A727C00B46AED /* Assets.xcassets */,
				5333FB6126968A3B00E40B7F /* LaunchScreen.storyboard */,
				5333FB6426968A3B00E40B7F /* Info.plist */,
			);
			path = Resources;
			sourceTree = "<group>";
		};
		5333FB752696A09200E40B7F /* Coordinators */ = {
			isa = PBXGroup;
			children = (
				5333FB762696A09C00E40B7F /* AppCoordinator.swift */,
				53DF519B269A79E900B46AED /* AppCoordinatorFactory.swift */,
			);
			path = Coordinators;
			sourceTree = "<group>";
		};
		53DF517A269A56E100B46AED /* Views */ = {
			isa = PBXGroup;
			children = (
				53DF517B269A56F400B46AED /* VerticallyCenteredTextView.swift */,
			);
			path = Views;
			sourceTree = "<group>";
		};
		53DF5186269A78E500B46AED /* ViewModels */ = {
			isa = PBXGroup;
			children = (
				53DF5189269A790900B46AED /* CryptedInputDataViewModel.swift */,
				53DF518B269A791C00B46AED /* UncryptedDataViewModel.swift */,
				53DF518D269A792E00B46AED /* CryptedDataViewModel.swift */,
				53DF518F269A794C00B46AED /* PageViewModel.swift */,
			);
			path = ViewModels;
			sourceTree = "<group>";
		};
		53DF5191269A795C00B46AED /* Repositories */ = {
			isa = PBXGroup;
			children = (
				53DF5192269A796700B46AED /* PageRepositoryProtocol.swift */,
				53DF5194269A797B00B46AED /* PageRepository.swift */,
				53DF5196269A79BC00B46AED /* PageRepositoryFactory.swift */,
			);
			path = Repositories;
			sourceTree = "<group>";
		};
		53DF5198269A79C900B46AED /* Utilities */ = {
			isa = PBXGroup;
			children = (
				53DF5199269A79D800B46AED /* PageToViewControllerTransformer.swift */,
			);
			path = Utilities;
			sourceTree = "<group>";
		};
/* End PBXGroup section */

/* Begin PBXNativeTarget section */
		5333FB5226968A3900E40B7F /* HBTH */ = {
			isa = PBXNativeTarget;
			buildConfigurationList = 5333FB6726968A3B00E40B7F /* Build configuration list for PBXNativeTarget "HBTH" */;
			buildPhases = (
				5333FB4F26968A3900E40B7F /* Sources */,
				5333FB5026968A3900E40B7F /* Frameworks */,
				5333FB5126968A3900E40B7F /* Resources */,
			);
			buildRules = (
			);
			dependencies = (
			);
			name = HBTH;
			packageProductDependencies = (
				53DF519E269A7FF400B46AED /* KeyboardLayoutGuide */,
				53DF51A1269A803300B46AED /* PKHUD */,
			);
			productName = HBTH;
			productReference = 5333FB5326968A3900E40B7F /* HBTH.app */;
			productType = "com.apple.product-type.application";
		};
/* End PBXNativeTarget section */

/* Begin PBXProject section */
		5333FB4B26968A3900E40B7F /* Project object */ = {
			isa = PBXProject;
			attributes = {
				LastSwiftUpdateCheck = 1250;
				LastUpgradeCheck = 1250;
				TargetAttributes = {
					5333FB5226968A3900E40B7F = {
						CreatedOnToolsVersion = 12.5.1;
					};
				};
			};
			buildConfigurationList = 5333FB4E26968A3900E40B7F /* Build configuration list for PBXProject "HBTH" */;
			compatibilityVersion = "Xcode 9.3";
			developmentRegion = en;
			hasScannedForEncodings = 0;
			knownRegions = (
				en,
				Base,
			);
			mainGroup = 5333FB4A26968A3900E40B7F;
			packageReferences = (
				53DF519D269A7FF400B46AED /* XCRemoteSwiftPackageReference "KeyboardLayoutGuide" */,
				53DF51A0269A803300B46AED /* XCRemoteSwiftPackageReference "PKHUD" */,
			);
			productRefGroup = 5333FB5426968A3900E40B7F /* Products */;
			projectDirPath = "";
			projectRoot = "";
			targets = (
				5333FB5226968A3900E40B7F /* HBTH */,
			);
		};
/* End PBXProject section */

/* Begin PBXResourcesBuildPhase section */
		5333FB5126968A3900E40B7F /* Resources */ = {
			isa = PBXResourcesBuildPhase;
			buildActionMask = 2147483647;
			files = (
				53DF5185269A727C00B46AED /* Assets.xcassets in Resources */,
				5333FB6326968A3B00E40B7F /* LaunchScreen.storyboard in Resources */,
			);
			runOnlyForDeploymentPostprocessing = 0;
		};
/* End PBXResourcesBuildPhase section */

/* Begin PBXSourcesBuildPhase section */
		5333FB4F26968A3900E40B7F /* Sources */ = {
			isa = PBXSourcesBuildPhase;
			buildActionMask = 2147483647;
			files = (
				53DF517C269A56F400B46AED /* VerticallyCenteredTextView.swift in Sources */,
				53DF5180269A5B3B00B46AED /* TextAndButtonViewController.swift in Sources */,
				53DF517E269A598500B46AED /* InputTextReceivedOnViewControllerDelegate.swift in Sources */,
				53DF519C269A79E900B46AED /* AppCoordinatorFactory.swift in Sources */,
				5333FB5B26968A3900E40B7F /* HomeViewController.swift in Sources */,
				5333FB5726968A3900E40B7F /* AppDelegate.swift in Sources */,
				53DF5188269A78F300B46AED /* Unlockable.swift in Sources */,
				53DF5193269A796700B46AED /* PageRepositoryProtocol.swift in Sources */,
				53DF5197269A79BC00B46AED /* PageRepositoryFactory.swift in Sources */,
				53DF5195269A797B00B46AED /* PageRepository.swift in Sources */,
				53DF518E269A792E00B46AED /* CryptedDataViewModel.swift in Sources */,
				5333FB742696A08400E40B7F /* Coordinator.swift in Sources */,
				5333FB72269698A700E40B7F /* ImageBackgroundViewController.swift in Sources */,
				5333FB6C2696964300E40B7F /* NextViewControllerDelegate.swift in Sources */,
				53DF5190269A794C00B46AED /* PageViewModel.swift in Sources */,
				5333FB702696985D00E40B7F /* InputPasscodeViewController.swift in Sources */,
				53DF518C269A791C00B46AED /* UncryptedDataViewModel.swift in Sources */,
				5333FB772696A09C00E40B7F /* AppCoordinator.swift in Sources */,
				53DF519A269A79D800B46AED /* PageToViewControllerTransformer.swift in Sources */,
				53DF518A269A790900B46AED /* CryptedInputDataViewModel.swift in Sources */,
			);
			runOnlyForDeploymentPostprocessing = 0;
		};
/* End PBXSourcesBuildPhase section */

/* Begin PBXVariantGroup section */
		5333FB6126968A3B00E40B7F /* LaunchScreen.storyboard */ = {
			isa = PBXVariantGroup;
			children = (
				5333FB6226968A3B00E40B7F /* Base */,
			);
			name = LaunchScreen.storyboard;
			sourceTree = "<group>";
		};
/* End PBXVariantGroup section */

/* Begin XCBuildConfiguration section */
		5333FB6526968A3B00E40B7F /* Debug */ = {
			isa = XCBuildConfiguration;
			buildSettings = {
				ALWAYS_SEARCH_USER_PATHS = NO;
				CLANG_ANALYZER_NONNULL = YES;
				CLANG_ANALYZER_NUMBER_OBJECT_CONVERSION = YES_AGGRESSIVE;
				CLANG_CXX_LANGUAGE_STANDARD = "gnu++14";
				CLANG_CXX_LIBRARY = "libc++";
				CLANG_ENABLE_MODULES = YES;
				CLANG_ENABLE_OBJC_ARC = YES;
				CLANG_ENABLE_OBJC_WEAK = YES;
				CLANG_WARN_BLOCK_CAPTURE_AUTORELEASING = YES;
				CLANG_WARN_BOOL_CONVERSION = YES;
				CLANG_WARN_COMMA = YES;
				CLANG_WARN_CONSTANT_CONVERSION = YES;
				CLANG_WARN_DEPRECATED_OBJC_IMPLEMENTATIONS = YES;
				CLANG_WARN_DIRECT_OBJC_ISA_USAGE = YES_ERROR;
				CLANG_WARN_DOCUMENTATION_COMMENTS = YES;
				CLANG_WARN_EMPTY_BODY = YES;
				CLANG_WARN_ENUM_CONVERSION = YES;
				CLANG_WARN_INFINITE_RECURSION = YES;
				CLANG_WARN_INT_CONVERSION = YES;
				CLANG_WARN_NON_LITERAL_NULL_CONVERSION = YES;
				CLANG_WARN_OBJC_IMPLICIT_RETAIN_SELF = YES;
				CLANG_WARN_OBJC_LITERAL_CONVERSION = YES;
				CLANG_WARN_OBJC_ROOT_CLASS = YES_ERROR;
				CLANG_WARN_QUOTED_INCLUDE_IN_FRAMEWORK_HEADER = YES;
				CLANG_WARN_RANGE_LOOP_ANALYSIS = YES;
				CLANG_WARN_STRICT_PROTOTYPES = YES;
				CLANG_WARN_SUSPICIOUS_MOVE = YES;
				CLANG_WARN_UNGUARDED_AVAILABILITY = YES_AGGRESSIVE;
				CLANG_WARN_UNREACHABLE_CODE = YES;
				CLANG_WARN__DUPLICATE_METHOD_MATCH = YES;
				COPY_PHASE_STRIP = NO;
				DEBUG_INFORMATION_FORMAT = dwarf;
				ENABLE_STRICT_OBJC_MSGSEND = YES;
				ENABLE_TESTABILITY = YES;
				GCC_C_LANGUAGE_STANDARD = gnu11;
				GCC_DYNAMIC_NO_PIC = NO;
				GCC_NO_COMMON_BLOCKS = YES;
				GCC_OPTIMIZATION_LEVEL = 0;
				GCC_PREPROCESSOR_DEFINITIONS = (
					"DEBUG=1",
					"$(inherited)",
				);
				GCC_WARN_64_TO_32_BIT_CONVERSION = YES;
				GCC_WARN_ABOUT_RETURN_TYPE = YES_ERROR;
				GCC_WARN_UNDECLARED_SELECTOR = YES;
				GCC_WARN_UNINITIALIZED_AUTOS = YES_AGGRESSIVE;
				GCC_WARN_UNUSED_FUNCTION = YES;
				GCC_WARN_UNUSED_VARIABLE = YES;
				IPHONEOS_DEPLOYMENT_TARGET = 14.5;
				MTL_ENABLE_DEBUG_INFO = INCLUDE_SOURCE;
				MTL_FAST_MATH = YES;
				ONLY_ACTIVE_ARCH = YES;
				SDKROOT = iphoneos;
				SWIFT_ACTIVE_COMPILATION_CONDITIONS = DEBUG;
				SWIFT_OPTIMIZATION_LEVEL = "-Onone";
			};
			name = Debug;
		};
		5333FB6626968A3B00E40B7F /* Release */ = {
			isa = XCBuildConfiguration;
			buildSettings = {
				ALWAYS_SEARCH_USER_PATHS = NO;
				CLANG_ANALYZER_NONNULL = YES;
				CLANG_ANALYZER_NUMBER_OBJECT_CONVERSION = YES_AGGRESSIVE;
				CLANG_CXX_LANGUAGE_STANDARD = "gnu++14";
				CLANG_CXX_LIBRARY = "libc++";
				CLANG_ENABLE_MODULES = YES;
				CLANG_ENABLE_OBJC_ARC = YES;
				CLANG_ENABLE_OBJC_WEAK = YES;
				CLANG_WARN_BLOCK_CAPTURE_AUTORELEASING = YES;
				CLANG_WARN_BOOL_CONVERSION = YES;
				CLANG_WARN_COMMA = YES;
				CLANG_WARN_CONSTANT_CONVERSION = YES;
				CLANG_WARN_DEPRECATED_OBJC_IMPLEMENTATIONS = YES;
				CLANG_WARN_DIRECT_OBJC_ISA_USAGE = YES_ERROR;
				CLANG_WARN_DOCUMENTATION_COMMENTS = YES;
				CLANG_WARN_EMPTY_BODY = YES;
				CLANG_WARN_ENUM_CONVERSION = YES;
				CLANG_WARN_INFINITE_RECURSION = YES;
				CLANG_WARN_INT_CONVERSION = YES;
				CLANG_WARN_NON_LITERAL_NULL_CONVERSION = YES;
				CLANG_WARN_OBJC_IMPLICIT_RETAIN_SELF = YES;
				CLANG_WARN_OBJC_LITERAL_CONVERSION = YES;
				CLANG_WARN_OBJC_ROOT_CLASS = YES_ERROR;
				CLANG_WARN_QUOTED_INCLUDE_IN_FRAMEWORK_HEADER = YES;
				CLANG_WARN_RANGE_LOOP_ANALYSIS = YES;
				CLANG_WARN_STRICT_PROTOTYPES = YES;
				CLANG_WARN_SUSPICIOUS_MOVE = YES;
				CLANG_WARN_UNGUARDED_AVAILABILITY = YES_AGGRESSIVE;
				CLANG_WARN_UNREACHABLE_CODE = YES;
				CLANG_WARN__DUPLICATE_METHOD_MATCH = YES;
				COPY_PHASE_STRIP = NO;
				DEBUG_INFORMATION_FORMAT = "dwarf-with-dsym";
				ENABLE_NS_ASSERTIONS = NO;
				ENABLE_STRICT_OBJC_MSGSEND = YES;
				GCC_C_LANGUAGE_STANDARD = gnu11;
				GCC_NO_COMMON_BLOCKS = YES;
				GCC_WARN_64_TO_32_BIT_CONVERSION = YES;
				GCC_WARN_ABOUT_RETURN_TYPE = YES_ERROR;
				GCC_WARN_UNDECLARED_SELECTOR = YES;
				GCC_WARN_UNINITIALIZED_AUTOS = YES_AGGRESSIVE;
				GCC_WARN_UNUSED_FUNCTION = YES;
				GCC_WARN_UNUSED_VARIABLE = YES;
				IPHONEOS_DEPLOYMENT_TARGET = 14.5;
				MTL_ENABLE_DEBUG_INFO = NO;
				MTL_FAST_MATH = YES;
				SDKROOT = iphoneos;
				SWIFT_COMPILATION_MODE = wholemodule;
				SWIFT_OPTIMIZATION_LEVEL = "-O";
				VALIDATE_PRODUCT = YES;
			};
			name = Release;
		};
		5333FB6826968A3B00E40B7F /* Debug */ = {
			isa = XCBuildConfiguration;
			buildSettings = {
				ASSETCATALOG_COMPILER_APPICON_NAME = AppIcon;
				ASSETCATALOG_COMPILER_GLOBAL_ACCENT_COLOR_NAME = AccentColor;
				CODE_SIGN_STYLE = Automatic;
				DEVELOPMENT_TEAM = LQ5WW9469F;
				INFOPLIST_FILE = HBTH/Resources/Info.plist;
				LD_RUNPATH_SEARCH_PATHS = (
					"$(inherited)",
					"@executable_path/Frameworks",
				);
				PRODUCT_BUNDLE_IDENTIFIER = "io.swift-yah.HBTH";
				PRODUCT_NAME = "$(TARGET_NAME)";
				SWIFT_VERSION = 5.0;
				TARGETED_DEVICE_FAMILY = "1,2";
			};
			name = Debug;
		};
		5333FB6926968A3B00E40B7F /* Release */ = {
			isa = XCBuildConfiguration;
			buildSettings = {
				ASSETCATALOG_COMPILER_APPICON_NAME = AppIcon;
				ASSETCATALOG_COMPILER_GLOBAL_ACCENT_COLOR_NAME = AccentColor;
				CODE_SIGN_STYLE = Automatic;
				DEVELOPMENT_TEAM = LQ5WW9469F;
				INFOPLIST_FILE = HBTH/Resources/Info.plist;
				LD_RUNPATH_SEARCH_PATHS = (
					"$(inherited)",
					"@executable_path/Frameworks",
				);
				PRODUCT_BUNDLE_IDENTIFIER = "io.swift-yah.HBTH";
				PRODUCT_NAME = "$(TARGET_NAME)";
				SWIFT_VERSION = 5.0;
				TARGETED_DEVICE_FAMILY = "1,2";
			};
			name = Release;
		};
/* End XCBuildConfiguration section */

/* Begin XCConfigurationList section */
		5333FB4E26968A3900E40B7F /* Build configuration list for PBXProject "HBTH" */ = {
			isa = XCConfigurationList;
			buildConfigurations = (
				5333FB6526968A3B00E40B7F /* Debug */,
				5333FB6626968A3B00E40B7F /* Release */,
			);
			defaultConfigurationIsVisible = 0;
			defaultConfigurationName = Release;
		};
		5333FB6726968A3B00E40B7F /* Build configuration list for PBXNativeTarget "HBTH" */ = {
			isa = XCConfigurationList;
			buildConfigurations = (
				5333FB6826968A3B00E40B7F /* Debug */,
				5333FB6926968A3B00E40B7F /* Release */,
			);
			defaultConfigurationIsVisible = 0;
			defaultConfigurationName = Release;
		};
/* End XCConfigurationList section */

/* Begin XCRemoteSwiftPackageReference section */
		53DF519D269A7FF400B46AED /* XCRemoteSwiftPackageReference "KeyboardLayoutGuide" */ = {
			isa = XCRemoteSwiftPackageReference;
			repositoryURL = "https://github.com/freshOS/KeyboardLayoutGuide";
			requirement = {
				kind = upToNextMajorVersion;
				minimumVersion = 1.7.0;
			};
		};
		53DF51A0269A803300B46AED /* XCRemoteSwiftPackageReference "PKHUD" */ = {
			isa = XCRemoteSwiftPackageReference;
			repositoryURL = "https://github.com/pkluz/PKHUD";
			requirement = {
				kind = upToNextMajorVersion;
				minimumVersion = 5.4.0;
			};
		};
/* End XCRemoteSwiftPackageReference section */

/* Begin XCSwiftPackageProductDependency section */
		53DF519E269A7FF400B46AED /* KeyboardLayoutGuide */ = {
			isa = XCSwiftPackageProductDependency;
			package = 53DF519D269A7FF400B46AED /* XCRemoteSwiftPackageReference "KeyboardLayoutGuide" */;
			productName = KeyboardLayoutGuide;
		};
		53DF51A1269A803300B46AED /* PKHUD */ = {
			isa = XCSwiftPackageProductDependency;
			package = 53DF51A0269A803300B46AED /* XCRemoteSwiftPackageReference "PKHUD" */;
			productName = PKHUD;
		};
/* End XCSwiftPackageProductDependency section */
	};
	rootObject = 5333FB4B26968A3900E40B7F /* Project object */;
}
